
Microsoft Visual Studio Solution File, Format Version 12.00
# Visual Studio Version 16
VisualStudioVersion = 16.0.29609.76
MinimumVisualStudioVersion = 10.0.40219.1
Project("{FAE04EC0-301F-11D3-BF4B-00C04F79EFBC}") = "StreamActions-Bot", "StreamActions-Bot\StreamActions-Bot.csproj", "{B7F4C33C-1B42-41E5-A88B-F3598CEB7580}"
EndProject
Global
	GlobalSection(SolutionConfigurationPlatforms) = preSolution
		Debug|Any CPU = Debug|Any CPU
		Release|Any CPU = Release|Any CPU
	EndGlobalSection
	GlobalSection(ProjectConfigurationPlatforms) = postSolution
		{B7F4C33C-1B42-41E5-A88B-F3598CEB7580}.Debug|Any CPU.ActiveCfg = Debug|Any CPU
		{B7F4C33C-1B42-41E5-A88B-F3598CEB7580}.Debug|Any CPU.Build.0 = Debug|Any CPU
		{B7F4C33C-1B42-41E5-A88B-F3598CEB7580}.Release|Any CPU.ActiveCfg = Release|Any CPU
		{B7F4C33C-1B42-41E5-A88B-F3598CEB7580}.Release|Any CPU.Build.0 = Release|Any CPU
	EndGlobalSection
	GlobalSection(SolutionProperties) = preSolution
		HideSolutionNode = FALSE
	EndGlobalSection
	GlobalSection(ExtensibilityGlobals) = postSolution
		SolutionGuid = {D82579FF-6BEE-4F68-B17C-C4635780B6AF}
	EndGlobalSection
EndGlobal
